
Microsoft Visual Studio Solution File, Format Version 12.00
# Visual Studio 14
VisualStudioVersion = 14.0.25420.1
MinimumVisualStudioVersion = 10.0.40219.1
Project("{FAE04EC0-301F-11D3-BF4B-00C04F79EFBC}") = "CSI156Exercise5", "CSI156Exercise5\CSI156Exercise5.csproj", "{DD804B3F-50F7-4E49-9C25-3D5C68523101}"
EndProject
Global
	GlobalSection(SolutionConfigurationPlatforms) = preSolution
		Debug|Any CPU = Debug|Any CPU
		Release|Any CPU = Release|Any CPU
	EndGlobalSection
	GlobalSection(ProjectConfigurationPlatforms) = postSolution
		{DD804B3F-50F7-4E49-9C25-3D5C68523101}.Debug|Any CPU.ActiveCfg = Debug|Any CPU
		{DD804B3F-50F7-4E49-9C25-3D5C68523101}.Debug|Any CPU.Build.0 = Debug|Any CPU
		{DD804B3F-50F7-4E49-9C25-3D5C68523101}.Release|Any CPU.ActiveCfg = Release|Any CPU
		{DD804B3F-50F7-4E49-9C25-3D5C68523101}.Release|Any CPU.Build.0 = Release|Any CPU
	EndGlobalSection
	GlobalSection(SolutionProperties) = preSolution
		HideSolutionNode = FALSE
	EndGlobalSection
EndGlobal
