
Microsoft Visual Studio Solution File, Format Version 12.00
# Visual Studio 14
VisualStudioVersion = 14.0.25420.1
MinimumVisualStudioVersion = 10.0.40219.1
Project("{FAE04EC0-301F-11D3-BF4B-00C04F79EFBC}") = "CSI_154_Exercise_07", "CSI_154_Exercise_07\CSI_154_Exercise_07.csproj", "{7C4C60AD-72B8-49E8-9E38-E5D8F5103567}"
EndProject
Global
	GlobalSection(SolutionConfigurationPlatforms) = preSolution
		Debug|Any CPU = Debug|Any CPU
		Release|Any CPU = Release|Any CPU
	EndGlobalSection
	GlobalSection(ProjectConfigurationPlatforms) = postSolution
		{7C4C60AD-72B8-49E8-9E38-E5D8F5103567}.Debug|Any CPU.ActiveCfg = Debug|Any CPU
		{7C4C60AD-72B8-49E8-9E38-E5D8F5103567}.Debug|Any CPU.Build.0 = Debug|Any CPU
		{7C4C60AD-72B8-49E8-9E38-E5D8F5103567}.Release|Any CPU.ActiveCfg = Release|Any CPU
		{7C4C60AD-72B8-49E8-9E38-E5D8F5103567}.Release|Any CPU.Build.0 = Release|Any CPU
	EndGlobalSection
	GlobalSection(SolutionProperties) = preSolution
		HideSolutionNode = FALSE
	EndGlobalSection
EndGlobal
